
Microsoft Visual Studio Solution File, Format Version 12.00
# Visual Studio Version 16
VisualStudioVersion = 16.0.29613.14
MinimumVisualStudioVersion = 10.0.40219.1
Project("{FAE04EC0-301F-11D3-BF4B-00C04F79EFBC}") = "HashicopVaultTest", "HashicopVaultTest\HashicopVaultTest.csproj", "{2CBC0B8C-843A-49ED-A4B8-BA5E341F4537}"
EndProject
Global
	GlobalSection(SolutionConfigurationPlatforms) = preSolution
		Debug|Any CPU = Debug|Any CPU
		Release|Any CPU = Release|Any CPU
	EndGlobalSection
	GlobalSection(ProjectConfigurationPlatforms) = postSolution
		{2CBC0B8C-843A-49ED-A4B8-BA5E341F4537}.Debug|Any CPU.ActiveCfg = Debug|Any CPU
		{2CBC0B8C-843A-49ED-A4B8-BA5E341F4537}.Debug|Any CPU.Build.0 = Debug|Any CPU
		{2CBC0B8C-843A-49ED-A4B8-BA5E341F4537}.Release|Any CPU.ActiveCfg = Release|Any CPU
		{2CBC0B8C-843A-49ED-A4B8-BA5E341F4537}.Release|Any CPU.Build.0 = Release|Any CPU
	EndGlobalSection
	GlobalSection(SolutionProperties) = preSolution
		HideSolutionNode = FALSE
	EndGlobalSection
	GlobalSection(ExtensibilityGlobals) = postSolution
		SolutionGuid = {6AA8A830-4E6E-4F49-AA6A-2B76956C5BE8}
	EndGlobalSection
EndGlobal
